// !$*UTF8*$!
{
	archiveVersion = 1;
	classes = {
	};
	objectVersion = 46;
	objects = {

/* Begin PBXBuildFile section */
		C8319A231D1644AC00B26839 /* LocationDetailsViewController.swift in Sources */ = {isa = PBXBuildFile; fileRef = C8319A221D1644AC00B26839 /* LocationDetailsViewController.swift */; };
		C8319A251D168ABA00B26839 /* CategoryPickerViewController.swift in Sources */ = {isa = PBXBuildFile; fileRef = C8319A241D168ABA00B26839 /* CategoryPickerViewController.swift */; };
		C86ABFD71D221EF1003E317F /* HudView.swift in Sources */ = {isa = PBXBuildFile; fileRef = C86ABFD61D221EF1003E317F /* HudView.swift */; };
		C86ABFDA1D221F16003E317F /* ShowHud.swift in Sources */ = {isa = PBXBuildFile; fileRef = C86ABFD91D221F16003E317F /* ShowHud.swift */; };
		C86ABFF31D22429F003E317F /* Functions.swift in Sources */ = {isa = PBXBuildFile; fileRef = C86ABFF21D22429F003E317F /* Functions.swift */; };
		C89CDF961CF43F5E00A0A19F /* AppDelegate.swift in Sources */ = {isa = PBXBuildFile; fileRef = C89CDF951CF43F5E00A0A19F /* AppDelegate.swift */; };
		C89CDF981CF43F5E00A0A19F /* CurrentLocationViewController.swift in Sources */ = {isa = PBXBuildFile; fileRef = C89CDF971CF43F5E00A0A19F /* CurrentLocationViewController.swift */; };
		C89CDF9F1CF43F5E00A0A19F /* Assets.xcassets in Resources */ = {isa = PBXBuildFile; fileRef = C89CDF9E1CF43F5E00A0A19F /* Assets.xcassets */; };
		C8A37E361D276490000B1B80 /* LocationViewController.swift in Sources */ = {isa = PBXBuildFile; fileRef = C8A37E351D276490000B1B80 /* LocationViewController.swift */; };
		C8A37E381D276A51000B1B80 /* CoreDataStack.swift in Sources */ = {isa = PBXBuildFile; fileRef = C8A37E371D276A51000B1B80 /* CoreDataStack.swift */; };
		C8A843BF1D23F37A00694A7E /* Main.storyboard in Resources */ = {isa = PBXBuildFile; fileRef = C8A843BE1D23F37A00694A7E /* Main.storyboard */; };
		C8A843C21D23F4FF00694A7E /* Location+CoreDataProperties.swift in Sources */ = {isa = PBXBuildFile; fileRef = C8A843C01D23F4FF00694A7E /* Location+CoreDataProperties.swift */; };
		C8A843C31D23F4FF00694A7E /* Location.swift in Sources */ = {isa = PBXBuildFile; fileRef = C8A843C11D23F4FF00694A7E /* Location.swift */; };
		C8D3A2521D227398009858D1 /* DataModel.xcdatamodeld in Sources */ = {isa = PBXBuildFile; fileRef = C8D3A2501D227398009858D1 /* DataModel.xcdatamodeld */; };
/* End PBXBuildFile section */

/* Begin PBXFileReference section */
		C8319A221D1644AC00B26839 /* LocationDetailsViewController.swift */ = {isa = PBXFileReference; fileEncoding = 4; lastKnownFileType = sourcecode.swift; path = LocationDetailsViewController.swift; sourceTree = "<group>"; };
		C8319A241D168ABA00B26839 /* CategoryPickerViewController.swift */ = {isa = PBXFileReference; fileEncoding = 4; lastKnownFileType = sourcecode.swift; path = CategoryPickerViewController.swift; sourceTree = "<group>"; };
		C86ABFD61D221EF1003E317F /* HudView.swift */ = {isa = PBXFileReference; fileEncoding = 4; lastKnownFileType = sourcecode.swift; path = HudView.swift; sourceTree = "<group>"; };
		C86ABFD91D221F16003E317F /* ShowHud.swift */ = {isa = PBXFileReference; fileEncoding = 4; lastKnownFileType = sourcecode.swift; path = ShowHud.swift; sourceTree = "<group>"; };
		C86ABFF21D22429F003E317F /* Functions.swift */ = {isa = PBXFileReference; fileEncoding = 4; lastKnownFileType = sourcecode.swift; path = Functions.swift; sourceTree = "<group>"; };
		C89CDF921CF43F5E00A0A19F /* MyLocations.app */ = {isa = PBXFileReference; explicitFileType = wrapper.application; includeInIndex = 0; path = MyLocations.app; sourceTree = BUILT_PRODUCTS_DIR; };
		C89CDF951CF43F5E00A0A19F /* AppDelegate.swift */ = {isa = PBXFileReference; lastKnownFileType = sourcecode.swift; path = AppDelegate.swift; sourceTree = "<group>"; };
		C89CDF971CF43F5E00A0A19F /* CurrentLocationViewController.swift */ = {isa = PBXFileReference; lastKnownFileType = sourcecode.swift; path = CurrentLocationViewController.swift; sourceTree = "<group>"; };
		C89CDF9E1CF43F5E00A0A19F /* Assets.xcassets */ = {isa = PBXFileReference; lastKnownFileType = folder.assetcatalog; path = Assets.xcassets; sourceTree = "<group>"; };
		C89CDFA31CF43F5E00A0A19F /* Info.plist */ = {isa = PBXFileReference; lastKnownFileType = text.plist.xml; path = Info.plist; sourceTree = "<group>"; };
		C8A37E351D276490000B1B80 /* LocationViewController.swift */ = {isa = PBXFileReference; fileEncoding = 4; lastKnownFileType = sourcecode.swift; path = LocationViewController.swift; sourceTree = "<group>"; };
		C8A37E371D276A51000B1B80 /* CoreDataStack.swift */ = {isa = PBXFileReference; fileEncoding = 4; lastKnownFileType = sourcecode.swift; path = CoreDataStack.swift; sourceTree = "<group>"; };
		C8A843BE1D23F37A00694A7E /* Main.storyboard */ = {isa = PBXFileReference; fileEncoding = 4; lastKnownFileType = file.storyboard; path = Main.storyboard; sourceTree = "<group>"; };
		C8A843C01D23F4FF00694A7E /* Location+CoreDataProperties.swift */ = {isa = PBXFileReference; fileEncoding = 4; lastKnownFileType = sourcecode.swift; path = "Location+CoreDataProperties.swift"; sourceTree = "<group>"; };
		C8A843C11D23F4FF00694A7E /* Location.swift */ = {isa = PBXFileReference; fileEncoding = 4; lastKnownFileType = sourcecode.swift; path = Location.swift; sourceTree = "<group>"; };
		C8D3A2511D227398009858D1 /* DataModel.xcdatamodel */ = {isa = PBXFileReference; lastKnownFileType = wrapper.xcdatamodel; path = DataModel.xcdatamodel; sourceTree = "<group>"; };
/* End PBXFileReference section */

/* Begin PBXFrameworksBuildPhase section */
		C89CDF8F1CF43F5E00A0A19F /* Frameworks */ = {
			isa = PBXFrameworksBuildPhase;
			buildActionMask = 2147483647;
			files = (
			);
			runOnlyForDeploymentPostprocessing = 0;
		};
/* End PBXFrameworksBuildPhase section */

/* Begin PBXGroup section */
		C86ABFD81D221F00003E317F /* Hud */ = {
			isa = PBXGroup;
			children = (
				C86ABFD61D221EF1003E317F /* HudView.swift */,
				C86ABFD91D221F16003E317F /* ShowHud.swift */,
			);
			name = Hud;
			sourceTree = "<group>";
		};
		C86ABFF71D22449F003E317F /* Controller */ = {
			isa = PBXGroup;
			children = (
				C8319A241D168ABA00B26839 /* CategoryPickerViewController.swift */,
				C89CDF971CF43F5E00A0A19F /* CurrentLocationViewController.swift */,
				C8319A221D1644AC00B26839 /* LocationDetailsViewController.swift */,
				C8A37E371D276A51000B1B80 /* CoreDataStack.swift */,
				C8A37E351D276490000B1B80 /* LocationViewController.swift */,
			);
			name = Controller;
			sourceTree = "<group>";
		};
		C86ABFF81D2244B7003E317F /* Utility */ = {
			isa = PBXGroup;
			children = (
				C86ABFD81D221F00003E317F /* Hud */,
				C86ABFF21D22429F003E317F /* Functions.swift */,
			);
			name = Utility;
			sourceTree = "<group>";
		};
		C86ABFF91D2244CC003E317F /* Other */ = {
			isa = PBXGroup;
			children = (
				C89CDF9E1CF43F5E00A0A19F /* Assets.xcassets */,
				C8A843BE1D23F37A00694A7E /* Main.storyboard */,
				C89CDF951CF43F5E00A0A19F /* AppDelegate.swift */,
			);
			name = Other;
			sourceTree = "<group>";
		};
		C86AC0001D22465C003E317F /* Data */ = {
			isa = PBXGroup;
			children = (
				C8A843C01D23F4FF00694A7E /* Location+CoreDataProperties.swift */,
				C8A843C11D23F4FF00694A7E /* Location.swift */,
				C8D3A2501D227398009858D1 /* DataModel.xcdatamodeld */,
			);
			name = Data;
			sourceTree = "<group>";
		};
		C89CDF891CF43F5E00A0A19F = {
			isa = PBXGroup;
			children = (
				C89CDF941CF43F5E00A0A19F /* MyLocations */,
				C89CDF931CF43F5E00A0A19F /* Products */,
			);
			sourceTree = "<group>";
		};
		C89CDF931CF43F5E00A0A19F /* Products */ = {
			isa = PBXGroup;
			children = (
				C89CDF921CF43F5E00A0A19F /* MyLocations.app */,
			);
			name = Products;
			sourceTree = "<group>";
		};
		C89CDF941CF43F5E00A0A19F /* MyLocations */ = {
			isa = PBXGroup;
			children = (
				C86ABFF71D22449F003E317F /* Controller */,
				C86ABFF81D2244B7003E317F /* Utility */,
				C86AC0001D22465C003E317F /* Data */,
				C86ABFF91D2244CC003E317F /* Other */,
				C89CDFA31CF43F5E00A0A19F /* Info.plist */,
			);
			path = MyLocations;
			sourceTree = "<group>";
		};
/* End PBXGroup section */

/* Begin PBXNativeTarget section */
		C89CDF911CF43F5E00A0A19F /* MyLocations */ = {
			isa = PBXNativeTarget;
			buildConfigurationList = C89CDFA61CF43F5E00A0A19F /* Build configuration list for PBXNativeTarget "MyLocations" */;
			buildPhases = (
				C89CDF8E1CF43F5E00A0A19F /* Sources */,
				C89CDF8F1CF43F5E00A0A19F /* Frameworks */,
				C89CDF901CF43F5E00A0A19F /* Resources */,
			);
			buildRules = (
			);
			dependencies = (
			);
			name = MyLocations;
			productName = MyLocations;
			productReference = C89CDF921CF43F5E00A0A19F /* MyLocations.app */;
			productType = "com.apple.product-type.application";
		};
/* End PBXNativeTarget section */

/* Begin PBXProject section */
		C89CDF8A1CF43F5E00A0A19F /* Project object */ = {
			isa = PBXProject;
			attributes = {
				LastSwiftUpdateCheck = 0730;
				LastUpgradeCheck = 0800;
				ORGANIZATIONNAME = kemchenj;
				TargetAttributes = {
					C89CDF911CF43F5E00A0A19F = {
						CreatedOnToolsVersion = 7.3.1;
						DevelopmentTeam = T28QC3M4TY;
						LastSwiftMigration = 0800;
					};
				};
			};
			buildConfigurationList = C89CDF8D1CF43F5E00A0A19F /* Build configuration list for PBXProject "MyLocations" */;
			compatibilityVersion = "Xcode 3.2";
			developmentRegion = English;
			hasScannedForEncodings = 0;
			knownRegions = (
				en,
				Base,
			);
			mainGroup = C89CDF891CF43F5E00A0A19F;
			productRefGroup = C89CDF931CF43F5E00A0A19F /* Products */;
			projectDirPath = "";
			projectRoot = "";
			targets = (
				C89CDF911CF43F5E00A0A19F /* MyLocations */,
			);
		};
/* End PBXProject section */

/* Begin PBXResourcesBuildPhase section */
		C89CDF901CF43F5E00A0A19F /* Resources */ = {
			isa = PBXResourcesBuildPhase;
			buildActionMask = 2147483647;
			files = (
				C89CDF9F1CF43F5E00A0A19F /* Assets.xcassets in Resources */,
				C8A843BF1D23F37A00694A7E /* Main.storyboard in Resources */,
			);
			runOnlyForDeploymentPostprocessing = 0;
		};
/* End PBXResourcesBuildPhase section */

/* Begin PBXSourcesBuildPhase section */
		C89CDF8E1CF43F5E00A0A19F /* Sources */ = {
			isa = PBXSourcesBuildPhase;
			buildActionMask = 2147483647;
			files = (
				C8319A231D1644AC00B26839 /* LocationDetailsViewController.swift in Sources */,
				C8A843C31D23F4FF00694A7E /* Location.swift in Sources */,
				C8A37E361D276490000B1B80 /* LocationViewController.swift in Sources */,
				C86ABFD71D221EF1003E317F /* HudView.swift in Sources */,
				C86ABFF31D22429F003E317F /* Functions.swift in Sources */,
				C8A37E381D276A51000B1B80 /* CoreDataStack.swift in Sources */,
				C8A843C21D23F4FF00694A7E /* Location+CoreDataProperties.swift in Sources */,
				C89CDF961CF43F5E00A0A19F /* AppDelegate.swift in Sources */,
				C8319A251D168ABA00B26839 /* CategoryPickerViewController.swift in Sources */,
				C8D3A2521D227398009858D1 /* DataModel.xcdatamodeld in Sources */,
				C86ABFDA1D221F16003E317F /* ShowHud.swift in Sources */,
				C89CDF981CF43F5E00A0A19F /* CurrentLocationViewController.swift in Sources */,
			);
			runOnlyForDeploymentPostprocessing = 0;
		};
/* End PBXSourcesBuildPhase section */

/* Begin XCBuildConfiguration section */
		C89CDFA41CF43F5E00A0A19F /* Debug */ = {
			isa = XCBuildConfiguration;
			buildSettings = {
				ALWAYS_SEARCH_USER_PATHS = NO;
				CLANG_ANALYZER_NONNULL = YES;
				CLANG_CXX_LANGUAGE_STANDARD = "gnu++0x";
				CLANG_CXX_LIBRARY = "libc++";
				CLANG_ENABLE_MODULES = YES;
				CLANG_ENABLE_OBJC_ARC = YES;
				CLANG_WARN_BOOL_CONVERSION = YES;
				CLANG_WARN_CONSTANT_CONVERSION = YES;
				CLANG_WARN_DIRECT_OBJC_ISA_USAGE = YES_ERROR;
				CLANG_WARN_EMPTY_BODY = YES;
				CLANG_WARN_ENUM_CONVERSION = YES;
				CLANG_WARN_INT_CONVERSION = YES;
				CLANG_WARN_OBJC_ROOT_CLASS = YES_ERROR;
				CLANG_WARN_UNREACHABLE_CODE = YES;
				CLANG_WARN__DUPLICATE_METHOD_MATCH = YES;
				"CODE_SIGN_IDENTITY[sdk=iphoneos*]" = "iPhone Developer";
				COPY_PHASE_STRIP = NO;
				DEBUG_INFORMATION_FORMAT = dwarf;
				ENABLE_STRICT_OBJC_MSGSEND = YES;
				ENABLE_TESTABILITY = YES;
				GCC_C_LANGUAGE_STANDARD = gnu99;
				GCC_DYNAMIC_NO_PIC = NO;
				GCC_NO_COMMON_BLOCKS = YES;
				GCC_OPTIMIZATION_LEVEL = 0;
				GCC_PREPROCESSOR_DEFINITIONS = (
					"DEBUG=1",
					"$(inherited)",
				);
				GCC_WARN_64_TO_32_BIT_CONVERSION = YES;
				GCC_WARN_ABOUT_RETURN_TYPE = YES_ERROR;
				GCC_WARN_UNDECLARED_SELECTOR = YES;
				GCC_WARN_UNINITIALIZED_AUTOS = YES_AGGRESSIVE;
				GCC_WARN_UNUSED_FUNCTION = YES;
				GCC_WARN_UNUSED_VARIABLE = YES;
				IPHONEOS_DEPLOYMENT_TARGET = 9.3;
				MTL_ENABLE_DEBUG_INFO = YES;
				ONLY_ACTIVE_ARCH = YES;
				SDKROOT = iphoneos;
				SWIFT_OPTIMIZATION_LEVEL = "-Onone";
			};
			name = Debug;
		};
		C89CDFA51CF43F5E00A0A19F /* Release */ = {
			isa = XCBuildConfiguration;
			buildSettings = {
				ALWAYS_SEARCH_USER_PATHS = NO;
				CLANG_ANALYZER_NONNULL = YES;
				CLANG_CXX_LANGUAGE_STANDARD = "gnu++0x";
				CLANG_CXX_LIBRARY = "libc++";
				CLANG_ENABLE_MODULES = YES;
				CLANG_ENABLE_OBJC_ARC = YES;
				CLANG_WARN_BOOL_CONVERSION = YES;
				CLANG_WARN_CONSTANT_CONVERSION = YES;
				CLANG_WARN_DIRECT_OBJC_ISA_USAGE = YES_ERROR;
				CLANG_WARN_EMPTY_BODY = YES;
				CLANG_WARN_ENUM_CONVERSION = YES;
				CLANG_WARN_INT_CONVERSION = YES;
				CLANG_WARN_OBJC_ROOT_CLASS = YES_ERROR;
				CLANG_WARN_UNREACHABLE_CODE = YES;
				CLANG_WARN__DUPLICATE_METHOD_MATCH = YES;
				"CODE_SIGN_IDENTITY[sdk=iphoneos*]" = "iPhone Developer";
				COPY_PHASE_STRIP = NO;
				DEBUG_INFORMATION_FORMAT = "dwarf-with-dsym";
				ENABLE_NS_ASSERTIONS = NO;
				ENABLE_STRICT_OBJC_MSGSEND = YES;
				GCC_C_LANGUAGE_STANDARD = gnu99;
				GCC_NO_COMMON_BLOCKS = YES;
				GCC_WARN_64_TO_32_BIT_CONVERSION = YES;
				GCC_WARN_ABOUT_RETURN_TYPE = YES_ERROR;
				GCC_WARN_UNDECLARED_SELECTOR = YES;
				GCC_WARN_UNINITIALIZED_AUTOS = YES_AGGRESSIVE;
				GCC_WARN_UNUSED_FUNCTION = YES;
				GCC_WARN_UNUSED_VARIABLE = YES;
				IPHONEOS_DEPLOYMENT_TARGET = 9.3;
				MTL_ENABLE_DEBUG_INFO = NO;
				SDKROOT = iphoneos;
				VALIDATE_PRODUCT = YES;
			};
			name = Release;
		};
		C89CDFA71CF43F5E00A0A19F /* Debug */ = {
			isa = XCBuildConfiguration;
			buildSettings = {
				ASSETCATALOG_COMPILER_APPICON_NAME = AppIcon;
				CODE_SIGN_IDENTITY = "iPhone Developer";
				"CODE_SIGN_IDENTITY[sdk=iphoneos*]" = "iPhone Developer";
				INFOPLIST_FILE = MyLocations/Info.plist;
				LD_RUNPATH_SEARCH_PATHS = "$(inherited) @executable_path/Frameworks";
				PRODUCT_BUNDLE_IDENTIFIER = com.st.MyLocations;
				PRODUCT_NAME = "$(TARGET_NAME)";
				PROVISIONING_PROFILE = "";
				SWIFT_VERSION = 3.0;
			};
			name = Debug;
		};
		C89CDFA81CF43F5E00A0A19F /* Release */ = {
			isa = XCBuildConfiguration;
			buildSettings = {
				ASSETCATALOG_COMPILER_APPICON_NAME = AppIcon;
				CODE_SIGN_IDENTITY = "iPhone Developer";
				"CODE_SIGN_IDENTITY[sdk=iphoneos*]" = "iPhone Developer";
				INFOPLIST_FILE = MyLocations/Info.plist;
				LD_RUNPATH_SEARCH_PATHS = "$(inherited) @executable_path/Frameworks";
				PRODUCT_BUNDLE_IDENTIFIER = com.st.MyLocations;
				PRODUCT_NAME = "$(TARGET_NAME)";
				PROVISIONING_PROFILE = "";
				SWIFT_OPTIMIZATION_LEVEL = "-Owholemodule";
				SWIFT_VERSION = 3.0;
			};
			name = Release;
		};
/* End XCBuildConfiguration section */

/* Begin XCConfigurationList section */
		C89CDF8D1CF43F5E00A0A19F /* Build configuration list for PBXProject "MyLocations" */ = {
			isa = XCConfigurationList;
			buildConfigurations = (
				C89CDFA41CF43F5E00A0A19F /* Debug */,
				C89CDFA51CF43F5E00A0A19F /* Release */,
			);
			defaultConfigurationIsVisible = 0;
			defaultConfigurationName = Release;
		};
		C89CDFA61CF43F5E00A0A19F /* Build configuration list for PBXNativeTarget "MyLocations" */ = {
			isa = XCConfigurationList;
			buildConfigurations = (
				C89CDFA71CF43F5E00A0A19F /* Debug */,
				C89CDFA81CF43F5E00A0A19F /* Release */,
			);
			defaultConfigurationIsVisible = 0;
			defaultConfigurationName = Release;
		};
/* End XCConfigurationList section */

/* Begin XCVersionGroup section */
		C8D3A2501D227398009858D1 /* DataModel.xcdatamodeld */ = {
			isa = XCVersionGroup;
			children = (
				C8D3A2511D227398009858D1 /* DataModel.xcdatamodel */,
			);
			currentVersion = C8D3A2511D227398009858D1 /* DataModel.xcdatamodel */;
			path = DataModel.xcdatamodeld;
			sourceTree = "<group>";
			versionGroupType = wrapper.xcdatamodel;
		};
/* End XCVersionGroup section */
	};
	rootObject = C89CDF8A1CF43F5E00A0A19F /* Project object */;
}
